
Microsoft Visual Studio Solution File, Format Version 12.00
# Visual Studio Version 16
VisualStudioVersion = 16.0.29509.3
MinimumVisualStudioVersion = 10.0.40219.1
Project("{FAE04EC0-301F-11D3-BF4B-00C04F79EFBC}") = "CodingChallenge.Web", "CodingChallenge.Web\CodingChallenge.Web.csproj", "{53AC628C-0CC6-4C10-86B3-F3B0FDED512A}"
EndProject
Global
	GlobalSection(SolutionConfigurationPlatforms) = preSolution
		Debug|Any CPU = Debug|Any CPU
		Release|Any CPU = Release|Any CPU
	EndGlobalSection
	GlobalSection(ProjectConfigurationPlatforms) = postSolution
		{53AC628C-0CC6-4C10-86B3-F3B0FDED512A}.Debug|Any CPU.ActiveCfg = Debug|Any CPU
		{53AC628C-0CC6-4C10-86B3-F3B0FDED512A}.Debug|Any CPU.Build.0 = Debug|Any CPU
		{53AC628C-0CC6-4C10-86B3-F3B0FDED512A}.Release|Any CPU.ActiveCfg = Release|Any CPU
		{53AC628C-0CC6-4C10-86B3-F3B0FDED512A}.Release|Any CPU.Build.0 = Release|Any CPU
	EndGlobalSection
	GlobalSection(SolutionProperties) = preSolution
		HideSolutionNode = FALSE
	EndGlobalSection
	GlobalSection(ExtensibilityGlobals) = postSolution
		SolutionGuid = {41F886AA-8D36-47A2-A8DB-CCB86BC1554A}
	EndGlobalSection
EndGlobal
